
Microsoft Visual Studio Solution File, Format Version 12.00
# Visual Studio Version 17
VisualStudioVersion = 17.6.33829.357
MinimumVisualStudioVersion = 10.0.40219.1
Project("{FAE04EC0-301F-11D3-BF4B-00C04F79EFBC}") = "BookStoreWebAPI.API", "BookStoreWebAPI.API\BookStoreWebAPI.API.csproj", "{1485A250-71A9-419D-93D7-23D50B8D3B50}"
EndProject
Global
	GlobalSection(SolutionConfigurationPlatforms) = preSolution
		Debug|Any CPU = Debug|Any CPU
		Release|Any CPU = Release|Any CPU
	EndGlobalSection
	GlobalSection(ProjectConfigurationPlatforms) = postSolution
		{1485A250-71A9-419D-93D7-23D50B8D3B50}.Debug|Any CPU.ActiveCfg = Debug|Any CPU
		{1485A250-71A9-419D-93D7-23D50B8D3B50}.Debug|Any CPU.Build.0 = Debug|Any CPU
		{1485A250-71A9-419D-93D7-23D50B8D3B50}.Release|Any CPU.ActiveCfg = Release|Any CPU
		{1485A250-71A9-419D-93D7-23D50B8D3B50}.Release|Any CPU.Build.0 = Release|Any CPU
	EndGlobalSection
	GlobalSection(SolutionProperties) = preSolution
		HideSolutionNode = FALSE
	EndGlobalSection
	GlobalSection(ExtensibilityGlobals) = postSolution
		SolutionGuid = {2F3E37B6-C04E-4140-BFFB-7E0C5785677F}
	EndGlobalSection
EndGlobal
